// !$*UTF8*$!
{
	archiveVersion = 1;
	classes = {
	};
	objectVersion = 77;
	objects = {

/* Begin PBXContainerItemProxy section */
		CDC40E492E4C987A00FC19FD /* PBXContainerItemProxy */ = {
			isa = PBXContainerItemProxy;
			containerPortal = CDC40E302E4C987600FC19FD /* Project object */;
			proxyType = 1;
			remoteGlobalIDString = CDC40E372E4C987600FC19FD;
			remoteInfo = "sada-fresh-2";
		};
		CDC40E532E4C987A00FC19FD /* PBXContainerItemProxy */ = {
			isa = PBXContainerItemProxy;
			containerPortal = CDC40E302E4C987600FC19FD /* Project object */;
			proxyType = 1;
			remoteGlobalIDString = CDC40E372E4C987600FC19FD;
			remoteInfo = "sada-fresh-2";
		};
/* End PBXContainerItemProxy section */

/* Begin PBXFileReference section */
		CDC40E382E4C987600FC19FD /* sada-fresh-2.app */ = {isa = PBXFileReference; explicitFileType = wrapper.application; includeInIndex = 0; path = "sada-fresh-2.app"; sourceTree = BUILT_PRODUCTS_DIR; };
		CDC40E482E4C987A00FC19FD /* sada-fresh-2Tests.xctest */ = {isa = PBXFileReference; explicitFileType = wrapper.cfbundle; includeInIndex = 0; path = "sada-fresh-2Tests.xctest"; sourceTree = BUILT_PRODUCTS_DIR; };
		CDC40E522E4C987A00FC19FD /* sada-fresh-2UITests.xctest */ = {isa = PBXFileReference; explicitFileType = wrapper.cfbundle; includeInIndex = 0; path = "sada-fresh-2UITests.xctest"; sourceTree = BUILT_PRODUCTS_DIR; };
/* End PBXFileReference section */

/* Begin PBXFileSystemSynchronizedRootGroup section */
		CDC40E3A2E4C987600FC19FD /* sada-fresh-2 */ = {
			isa = PBXFileSystemSynchronizedRootGroup;
			path = "sada-fresh-2";
			sourceTree = "<group>";
		};
		CDC40E4B2E4C987A00FC19FD /* sada-fresh-2Tests */ = {
			isa = PBXFileSystemSynchronizedRootGroup;
			path = "sada-fresh-2Tests";
			sourceTree = "<group>";
		};
		CDC40E552E4C987A00FC19FD /* sada-fresh-2UITests */ = {
			isa = PBXFileSystemSynchronizedRootGroup;
			path = "sada-fresh-2UITests";
			sourceTree = "<group>";
		};
/* End PBXFileSystemSynchronizedRootGroup section */

/* Begin PBXFrameworksBuildPhase section */
		CDC40E352E4C987600FC19FD /* Frameworks */ = {
			isa = PBXFrameworksBuildPhase;
			buildActionMask = 2147483647;
			files = (
			);
			runOnlyForDeploymentPostprocessing = 0;
		};
		CDC40E452E4C987A00FC19FD /* Frameworks */ = {
			isa = PBXFrameworksBuildPhase;
			buildActionMask = 2147483647;
			files = (
			);
			runOnlyForDeploymentPostprocessing = 0;
		};
		CDC40E4F2E4C987A00FC19FD /* Frameworks */ = {
			isa = PBXFrameworksBuildPhase;
			buildActionMask = 2147483647;
			files = (
			);
			runOnlyForDeploymentPostprocessing = 0;
		};
/* End PBXFrameworksBuildPhase section */

/* Begin PBXGroup section */
		CDC40E2F2E4C987600FC19FD = {
			isa = PBXGroup;
			children = (
				CDC40E3A2E4C987600FC19FD /* sada-fresh-2 */,
				CDC40E4B2E4C987A00FC19FD /* sada-fresh-2Tests */,
				CDC40E552E4C987A00FC19FD /* sada-fresh-2UITests */,
				CDC40E392E4C987600FC19FD /* Products */,
			);
			sourceTree = "<group>";
		};
		CDC40E392E4C987600FC19FD /* Products */ = {
			isa = PBXGroup;
			children = (
				CDC40E382E4C987600FC19FD /* sada-fresh-2.app */,
				CDC40E482E4C987A00FC19FD /* sada-fresh-2Tests.xctest */,
				CDC40E522E4C987A00FC19FD /* sada-fresh-2UITests.xctest */,
			);
			name = Products;
			sourceTree = "<group>";
		};
/* End PBXGroup section */

/* Begin PBXNativeTarget section */
		CDC40E372E4C987600FC19FD /* sada-fresh-2 */ = {
			isa = PBXNativeTarget;
			buildConfigurationList = CDC40E5C2E4C987A00FC19FD /* Build configuration list for PBXNativeTarget "sada-fresh-2" */;
			buildPhases = (
				CDC40E342E4C987600FC19FD /* Sources */,
				CDC40E352E4C987600FC19FD /* Frameworks */,
				CDC40E362E4C987600FC19FD /* Resources */,
			);
			buildRules = (
			);
			dependencies = (
			);
			fileSystemSynchronizedGroups = (
				CDC40E3A2E4C987600FC19FD /* sada-fresh-2 */,
			);
			name = "sada-fresh-2";
			packageProductDependencies = (
			);
			productName = "sada-fresh-2";
			productReference = CDC40E382E4C987600FC19FD /* sada-fresh-2.app */;
			productType = "com.apple.product-type.application";
		};
		CDC40E472E4C987A00FC19FD /* sada-fresh-2Tests */ = {
			isa = PBXNativeTarget;
			buildConfigurationList = CDC40E5F2E4C987A00FC19FD /* Build configuration list for PBXNativeTarget "sada-fresh-2Tests" */;
			buildPhases = (
				CDC40E442E4C987A00FC19FD /* Sources */,
				CDC40E452E4C987A00FC19FD /* Frameworks */,
				CDC40E462E4C987A00FC19FD /* Resources */,
			);
			buildRules = (
			);
			dependencies = (
				CDC40E4A2E4C987A00FC19FD /* PBXTargetDependency */,
			);
			fileSystemSynchronizedGroups = (
				CDC40E4B2E4C987A00FC19FD /* sada-fresh-2Tests */,
			);
			name = "sada-fresh-2Tests";
			packageProductDependencies = (
			);
			productName = "sada-fresh-2Tests";
			productReference = CDC40E482E4C987A00FC19FD /* sada-fresh-2Tests.xctest */;
			productType = "com.apple.product-type.bundle.unit-test";
		};
		CDC40E512E4C987A00FC19FD /* sada-fresh-2UITests */ = {
			isa = PBXNativeTarget;
			buildConfigurationList = CDC40E622E4C987A00FC19FD /* Build configuration list for PBXNativeTarget "sada-fresh-2UITests" */;
			buildPhases = (
				CDC40E4E2E4C987A00FC19FD /* Sources */,
				CDC40E4F2E4C987A00FC19FD /* Frameworks */,
				CDC40E502E4C987A00FC19FD /* Resources */,
			);
			buildRules = (
			);
			dependencies = (
				CDC40E542E4C987A00FC19FD /* PBXTargetDependency */,
			);
			fileSystemSynchronizedGroups = (
				CDC40E552E4C987A00FC19FD /* sada-fresh-2UITests */,
			);
			name = "sada-fresh-2UITests";
			packageProductDependencies = (
			);
			productName = "sada-fresh-2UITests";
			productReference = CDC40E522E4C987A00FC19FD /* sada-fresh-2UITests.xctest */;
			productType = "com.apple.product-type.bundle.ui-testing";
		};
/* End PBXNativeTarget section */

/* Begin PBXProject section */
		CDC40E302E4C987600FC19FD /* Project object */ = {
			isa = PBXProject;
			attributes = {
				BuildIndependentTargetsInParallel = 1;
				LastSwiftUpdateCheck = 1620;
				LastUpgradeCheck = 1620;
				TargetAttributes = {
					CDC40E372E4C987600FC19FD = {
						CreatedOnToolsVersion = 16.2;
					};
					CDC40E472E4C987A00FC19FD = {
						CreatedOnToolsVersion = 16.2;
						TestTargetID = CDC40E372E4C987600FC19FD;
					};
					CDC40E512E4C987A00FC19FD = {
						CreatedOnToolsVersion = 16.2;
						TestTargetID = CDC40E372E4C987600FC19FD;
					};
				};
			};
			buildConfigurationList = CDC40E332E4C987600FC19FD /* Build configuration list for PBXProject "sada-fresh-2" */;
			developmentRegion = en;
			hasScannedForEncodings = 0;
			knownRegions = (
				en,
				Base,
			);
			mainGroup = CDC40E2F2E4C987600FC19FD;
			minimizedProjectReferenceProxies = 1;
			preferredProjectObjectVersion = 77;
			productRefGroup = CDC40E392E4C987600FC19FD /* Products */;
			projectDirPath = "";
			projectRoot = "";
			targets = (
				CDC40E372E4C987600FC19FD /* sada-fresh-2 */,
				CDC40E472E4C987A00FC19FD /* sada-fresh-2Tests */,
				CDC40E512E4C987A00FC19FD /* sada-fresh-2UITests */,
			);
		};
/* End PBXProject section */

/* Begin PBXResourcesBuildPhase section */
		CDC40E362E4C987600FC19FD /* Resources */ = {
			isa = PBXResourcesBuildPhase;
			buildActionMask = 2147483647;
			files = (
			);
			runOnlyForDeploymentPostprocessing = 0;
		};
		CDC40E462E4C987A00FC19FD /* Resources */ = {
			isa = PBXResourcesBuildPhase;
			buildActionMask = 2147483647;
			files = (
			);
			runOnlyForDeploymentPostprocessing = 0;
		};
		CDC40E502E4C987A00FC19FD /* Resources */ = {
			isa = PBXResourcesBuildPhase;
			buildActionMask = 2147483647;
			files = (
			);
			runOnlyForDeploymentPostprocessing = 0;
		};
/* End PBXResourcesBuildPhase section */

/* Begin PBXSourcesBuildPhase section */
		CDC40E342E4C987600FC19FD /* Sources */ = {
			isa = PBXSourcesBuildPhase;
			buildActionMask = 2147483647;
			files = (
			);
			runOnlyForDeploymentPostprocessing = 0;
		};
		CDC40E442E4C987A00FC19FD /* Sources */ = {
			isa = PBXSourcesBuildPhase;
			buildActionMask = 2147483647;
			files = (
			);
			runOnlyForDeploymentPostprocessing = 0;
		};
		CDC40E4E2E4C987A00FC19FD /* Sources */ = {
			isa = PBXSourcesBuildPhase;
			buildActionMask = 2147483647;
			files = (
			);
			runOnlyForDeploymentPostprocessing = 0;
		};
/* End PBXSourcesBuildPhase section */

/* Begin PBXTargetDependency section */
		CDC40E4A2E4C987A00FC19FD /* PBXTargetDependency */ = {
			isa = PBXTargetDependency;
			target = CDC40E372E4C987600FC19FD /* sada-fresh-2 */;
			targetProxy = CDC40E492E4C987A00FC19FD /* PBXContainerItemProxy */;
		};
		CDC40E542E4C987A00FC19FD /* PBXTargetDependency */ = {
			isa = PBXTargetDependency;
			target = CDC40E372E4C987600FC19FD /* sada-fresh-2 */;
			targetProxy = CDC40E532E4C987A00FC19FD /* PBXContainerItemProxy */;
		};
/* End PBXTargetDependency section */

/* Begin XCBuildConfiguration section */
		CDC40E5A2E4C987A00FC19FD /* Debug */ = {
			isa = XCBuildConfiguration;
			buildSettings = {
				ALWAYS_SEARCH_USER_PATHS = NO;
				ASSETCATALOG_COMPILER_GENERATE_SWIFT_ASSET_SYMBOL_EXTENSIONS = YES;
				CLANG_ANALYZER_NONNULL = YES;
				CLANG_ANALYZER_NUMBER_OBJECT_CONVERSION = YES_AGGRESSIVE;
				CLANG_CXX_LANGUAGE_STANDARD = "gnu++20";
				CLANG_ENABLE_MODULES = YES;
				CLANG_ENABLE_OBJC_ARC = YES;
				CLANG_ENABLE_OBJC_WEAK = YES;
				CLANG_WARN_BLOCK_CAPTURE_AUTORELEASING = YES;
				CLANG_WARN_BOOL_CONVERSION = YES;
				CLANG_WARN_COMMA = YES;
				CLANG_WARN_CONSTANT_CONVERSION = YES;
				CLANG_WARN_DEPRECATED_OBJC_IMPLEMENTATIONS = YES;
				CLANG_WARN_DIRECT_OBJC_ISA_USAGE = YES_ERROR;
				CLANG_WARN_DOCUMENTATION_COMMENTS = YES;
				CLANG_WARN_EMPTY_BODY = YES;
				CLANG_WARN_ENUM_CONVERSION = YES;
				CLANG_WARN_INFINITE_RECURSION = YES;
				CLANG_WARN_INT_CONVERSION = YES;
				CLANG_WARN_NON_LITERAL_NULL_CONVERSION = YES;
				CLANG_WARN_OBJC_IMPLICIT_RETAIN_SELF = YES;
				CLANG_WARN_OBJC_LITERAL_CONVERSION = YES;
				CLANG_WARN_OBJC_ROOT_CLASS = YES_ERROR;
				CLANG_WARN_QUOTED_INCLUDE_IN_FRAMEWORK_HEADER = YES;
				CLANG_WARN_RANGE_LOOP_ANALYSIS = YES;
				CLANG_WARN_STRICT_PROTOTYPES = YES;
				CLANG_WARN_SUSPICIOUS_MOVE = YES;
				CLANG_WARN_UNGUARDED_AVAILABILITY = YES_AGGRESSIVE;
				CLANG_WARN_UNREACHABLE_CODE = YES;
				CLANG_WARN__DUPLICATE_METHOD_MATCH = YES;
				COPY_PHASE_STRIP = NO;
				DEBUG_INFORMATION_FORMAT = dwarf;
				ENABLE_STRICT_OBJC_MSGSEND = YES;
				ENABLE_TESTABILITY = YES;
				ENABLE_USER_SCRIPT_SANDBOXING = YES;
				GCC_C_LANGUAGE_STANDARD = gnu17;
				GCC_DYNAMIC_NO_PIC = NO;
				GCC_NO_COMMON_BLOCKS = YES;
				GCC_OPTIMIZATION_LEVEL = 0;
				GCC_PREPROCESSOR_DEFINITIONS = (
					"DEBUG=1",
					"$(inherited)",
				);
				GCC_WARN_64_TO_32_BIT_CONVERSION = YES;
				GCC_WARN_ABOUT_RETURN_TYPE = YES_ERROR;
				GCC_WARN_UNDECLARED_SELECTOR = YES;
				GCC_WARN_UNINITIALIZED_AUTOS = YES_AGGRESSIVE;
				GCC_WARN_UNUSED_FUNCTION = YES;
				GCC_WARN_UNUSED_VARIABLE = YES;
				IPHONEOS_DEPLOYMENT_TARGET = 18.2;
				LOCALIZATION_PREFERS_STRING_CATALOGS = YES;
				MTL_ENABLE_DEBUG_INFO = INCLUDE_SOURCE;
				MTL_FAST_MATH = YES;
				ONLY_ACTIVE_ARCH = YES;
				SDKROOT = iphoneos;
				SWIFT_ACTIVE_COMPILATION_CONDITIONS = "DEBUG $(inherited)";
				SWIFT_OPTIMIZATION_LEVEL = "-Onone";
			};
			name = Debug;
		};
		CDC40E5B2E4C987A00FC19FD /* Release */ = {
			isa = XCBuildConfiguration;
			buildSettings = {
				ALWAYS_SEARCH_USER_PATHS = NO;
				ASSETCATALOG_COMPILER_GENERATE_SWIFT_ASSET_SYMBOL_EXTENSIONS = YES;
				CLANG_ANALYZER_NONNULL = YES;
				CLANG_ANALYZER_NUMBER_OBJECT_CONVERSION = YES_AGGRESSIVE;
				CLANG_CXX_LANGUAGE_STANDARD = "gnu++20";
				CLANG_ENABLE_MODULES = YES;
				CLANG_ENABLE_OBJC_ARC = YES;
				CLANG_ENABLE_OBJC_WEAK = YES;
				CLANG_WARN_BLOCK_CAPTURE_AUTORELEASING = YES;
				CLANG_WARN_BOOL_CONVERSION = YES;
				CLANG_WARN_COMMA = YES;
				CLANG_WARN_CONSTANT_CONVERSION = YES;
				CLANG_WARN_DEPRECATED_OBJC_IMPLEMENTATIONS = YES;
				CLANG_WARN_DIRECT_OBJC_ISA_USAGE = YES_ERROR;
				CLANG_WARN_DOCUMENTATION_COMMENTS = YES;
				CLANG_WARN_EMPTY_BODY = YES;
				CLANG_WARN_ENUM_CONVERSION = YES;
				CLANG_WARN_INFINITE_RECURSION = YES;
				CLANG_WARN_INT_CONVERSION = YES;
				CLANG_WARN_NON_LITERAL_NULL_CONVERSION = YES;
				CLANG_WARN_OBJC_IMPLICIT_RETAIN_SELF = YES;
				CLANG_WARN_OBJC_LITERAL_CONVERSION = YES;
				CLANG_WARN_OBJC_ROOT_CLASS = YES_ERROR;
				CLANG_WARN_QUOTED_INCLUDE_IN_FRAMEWORK_HEADER = YES;
				CLANG_WARN_RANGE_LOOP_ANALYSIS = YES;
				CLANG_WARN_STRICT_PROTOTYPES = YES;
				CLANG_WARN_SUSPICIOUS_MOVE = YES;
				CLANG_WARN_UNGUARDED_AVAILABILITY = YES_AGGRESSIVE;
				CLANG_WARN_UNREACHABLE_CODE = YES;
				CLANG_WARN__DUPLICATE_METHOD_MATCH = YES;
				COPY_PHASE_STRIP = NO;
				DEBUG_INFORMATION_FORMAT = "dwarf-with-dsym";
				ENABLE_NS_ASSERTIONS = NO;
				ENABLE_STRICT_OBJC_MSGSEND = YES;
				ENABLE_USER_SCRIPT_SANDBOXING = YES;
				GCC_C_LANGUAGE_STANDARD = gnu17;
				GCC_NO_COMMON_BLOCKS = YES;
				GCC_WARN_64_TO_32_BIT_CONVERSION = YES;
				GCC_WARN_ABOUT_RETURN_TYPE = YES_ERROR;
				GCC_WARN_UNDECLARED_SELECTOR = YES;
				GCC_WARN_UNINITIALIZED_AUTOS = YES_AGGRESSIVE;
				GCC_WARN_UNUSED_FUNCTION = YES;
				GCC_WARN_UNUSED_VARIABLE = YES;
				IPHONEOS_DEPLOYMENT_TARGET = 18.2;
				LOCALIZATION_PREFERS_STRING_CATALOGS = YES;
				MTL_ENABLE_DEBUG_INFO = NO;
				MTL_FAST_MATH = YES;
				SDKROOT = iphoneos;
				SWIFT_COMPILATION_MODE = wholemodule;
				VALIDATE_PRODUCT = YES;
			};
			name = Release;
		};
		CDC40E5D2E4C987A00FC19FD /* Debug */ = {
			isa = XCBuildConfiguration;
			buildSettings = {
				ASSETCATALOG_COMPILER_APPICON_NAME = AppIcon;
				ASSETCATALOG_COMPILER_GLOBAL_ACCENT_COLOR_NAME = AccentColor;
				CODE_SIGN_STYLE = Automatic;
				CURRENT_PROJECT_VERSION = 1;
				DEVELOPMENT_ASSET_PATHS = "\"sada-fresh-2/Preview Content\"";
				DEVELOPMENT_TEAM = 6R8999W8FA;
				ENABLE_PREVIEWS = YES;
				GENERATE_INFOPLIST_FILE = YES;
				INFOPLIST_KEY_UIApplicationSceneManifest_Generation = YES;
				INFOPLIST_KEY_UIApplicationSupportsIndirectInputEvents = YES;
				INFOPLIST_KEY_UILaunchScreen_Generation = YES;
				INFOPLIST_KEY_UISupportedInterfaceOrientations_iPad = "UIInterfaceOrientationPortrait UIInterfaceOrientationPortraitUpsideDown UIInterfaceOrientationLandscapeLeft UIInterfaceOrientationLandscapeRight";
				INFOPLIST_KEY_UISupportedInterfaceOrientations_iPhone = "UIInterfaceOrientationPortrait UIInterfaceOrientationLandscapeLeft UIInterfaceOrientationLandscapeRight";
				LD_RUNPATH_SEARCH_PATHS = (
					"$(inherited)",
					"@executable_path/Frameworks",
				);
				MARKETING_VERSION = 1.0;
				PRODUCT_BUNDLE_IDENTIFIER = "com.sada.fresh2.sada-fresh-2";
				PRODUCT_NAME = "$(TARGET_NAME)";
				SWIFT_EMIT_LOC_STRINGS = YES;
				SWIFT_VERSION = 5.0;
				TARGETED_DEVICE_FAMILY = "1,2";
			};
			name = Debug;
		};
		CDC40E5E2E4C987A00FC19FD /* Release */ = {
			isa = XCBuildConfiguration;
			buildSettings = {
				ASSETCATALOG_COMPILER_APPICON_NAME = AppIcon;
				ASSETCATALOG_COMPILER_GLOBAL_ACCENT_COLOR_NAME = AccentColor;
				CODE_SIGN_STYLE = Automatic;
				CURRENT_PROJECT_VERSION = 1;
				DEVELOPMENT_ASSET_PATHS = "\"sada-fresh-2/Preview Content\"";
				DEVELOPMENT_TEAM = 6R8999W8FA;
				ENABLE_PREVIEWS = YES;
				GENERATE_INFOPLIST_FILE = YES;
				INFOPLIST_KEY_UIApplicationSceneManifest_Generation = YES;
				INFOPLIST_KEY_UIApplicationSupportsIndirectInputEvents = YES;
				INFOPLIST_KEY_UILaunchScreen_Generation = YES;
				INFOPLIST_KEY_UISupportedInterfaceOrientations_iPad = "UIInterfaceOrientationPortrait UIInterfaceOrientationPortraitUpsideDown UIInterfaceOrientationLandscapeLeft UIInterfaceOrientationLandscapeRight";
				INFOPLIST_KEY_UISupportedInterfaceOrientations_iPhone = "UIInterfaceOrientationPortrait UIInterfaceOrientationLandscapeLeft UIInterfaceOrientationLandscapeRight";
				LD_RUNPATH_SEARCH_PATHS = (
					"$(inherited)",
					"@executable_path/Frameworks",
				);
				MARKETING_VERSION = 1.0;
				PRODUCT_BUNDLE_IDENTIFIER = "com.sada.fresh2.sada-fresh-2";
				PRODUCT_NAME = "$(TARGET_NAME)";
				SWIFT_EMIT_LOC_STRINGS = YES;
				SWIFT_VERSION = 5.0;
				TARGETED_DEVICE_FAMILY = "1,2";
			};
			name = Release;
		};
		CDC40E602E4C987A00FC19FD /* Debug */ = {
			isa = XCBuildConfiguration;
			buildSettings = {
				BUNDLE_LOADER = "$(TEST_HOST)";
				CODE_SIGN_STYLE = Automatic;
				CURRENT_PROJECT_VERSION = 1;
				DEVELOPMENT_TEAM = 6R8999W8FA;
				GENERATE_INFOPLIST_FILE = YES;
				IPHONEOS_DEPLOYMENT_TARGET = 18.2;
				MARKETING_VERSION = 1.0;
				PRODUCT_BUNDLE_IDENTIFIER = "com.sada.fresh2.sada-fresh-2Tests";
				PRODUCT_NAME = "$(TARGET_NAME)";
				SWIFT_EMIT_LOC_STRINGS = NO;
				SWIFT_VERSION = 5.0;
				TARGETED_DEVICE_FAMILY = "1,2";
				TEST_HOST = "$(BUILT_PRODUCTS_DIR)/sada-fresh-2.app/$(BUNDLE_EXECUTABLE_FOLDER_PATH)/sada-fresh-2";
			};
			name = Debug;
		};
		CDC40E612E4C987A00FC19FD /* Release */ = {
			isa = XCBuildConfiguration;
			buildSettings = {
				BUNDLE_LOADER = "$(TEST_HOST)";
				CODE_SIGN_STYLE = Automatic;
				CURRENT_PROJECT_VERSION = 1;
				DEVELOPMENT_TEAM = 6R8999W8FA;
				GENERATE_INFOPLIST_FILE = YES;
				IPHONEOS_DEPLOYMENT_TARGET = 18.2;
				MARKETING_VERSION = 1.0;
				PRODUCT_BUNDLE_IDENTIFIER = "com.sada.fresh2.sada-fresh-2Tests";
				PRODUCT_NAME = "$(TARGET_NAME)";
				SWIFT_EMIT_LOC_STRINGS = NO;
				SWIFT_VERSION = 5.0;
				TARGETED_DEVICE_FAMILY = "1,2";
				TEST_HOST = "$(BUILT_PRODUCTS_DIR)/sada-fresh-2.app/$(BUNDLE_EXECUTABLE_FOLDER_PATH)/sada-fresh-2";
			};
			name = Release;
		};
		CDC40E632E4C987A00FC19FD /* Debug */ = {
			isa = XCBuildConfiguration;
			buildSettings = {
				CODE_SIGN_STYLE = Automatic;
				CURRENT_PROJECT_VERSION = 1;
				DEVELOPMENT_TEAM = 6R8999W8FA;
				GENERATE_INFOPLIST_FILE = YES;
				MARKETING_VERSION = 1.0;
				PRODUCT_BUNDLE_IDENTIFIER = "com.sada.fresh2.sada-fresh-2UITests";
				PRODUCT_NAME = "$(TARGET_NAME)";
				SWIFT_EMIT_LOC_STRINGS = NO;
				SWIFT_VERSION = 5.0;
				TARGETED_DEVICE_FAMILY = "1,2";
				TEST_TARGET_NAME = "sada-fresh-2";
			};
			name = Debug;
		};
		CDC40E642E4C987A00FC19FD /* Release */ = {
			isa = XCBuildConfiguration;
			buildSettings = {
				CODE_SIGN_STYLE = Automatic;
				CURRENT_PROJECT_VERSION = 1;
				DEVELOPMENT_TEAM = 6R8999W8FA;
				GENERATE_INFOPLIST_FILE = YES;
				MARKETING_VERSION = 1.0;
				PRODUCT_BUNDLE_IDENTIFIER = "com.sada.fresh2.sada-fresh-2UITests";
				PRODUCT_NAME = "$(TARGET_NAME)";
				SWIFT_EMIT_LOC_STRINGS = NO;
				SWIFT_VERSION = 5.0;
				TARGETED_DEVICE_FAMILY = "1,2";
				TEST_TARGET_NAME = "sada-fresh-2";
			};
			name = Release;
		};
/* End XCBuildConfiguration section */

/* Begin XCConfigurationList section */
		CDC40E332E4C987600FC19FD /* Build configuration list for PBXProject "sada-fresh-2" */ = {
			isa = XCConfigurationList;
			buildConfigurations = (
				CDC40E5A2E4C987A00FC19FD /* Debug */,
				CDC40E5B2E4C987A00FC19FD /* Release */,
			);
			defaultConfigurationIsVisible = 0;
			defaultConfigurationName = Release;
		};
		CDC40E5C2E4C987A00FC19FD /* Build configuration list for PBXNativeTarget "sada-fresh-2" */ = {
			isa = XCConfigurationList;
			buildConfigurations = (
				CDC40E5D2E4C987A00FC19FD /* Debug */,
				CDC40E5E2E4C987A00FC19FD /* Release */,
			);
			defaultConfigurationIsVisible = 0;
			defaultConfigurationName = Release;
		};
		CDC40E5F2E4C987A00FC19FD /* Build configuration list for PBXNativeTarget "sada-fresh-2Tests" */ = {
			isa = XCConfigurationList;
			buildConfigurations = (
				CDC40E602E4C987A00FC19FD /* Debug */,
				CDC40E612E4C987A00FC19FD /* Release */,
			);
			defaultConfigurationIsVisible = 0;
			defaultConfigurationName = Release;
		};
		CDC40E622E4C987A00FC19FD /* Build configuration list for PBXNativeTarget "sada-fresh-2UITests" */ = {
			isa = XCConfigurationList;
			buildConfigurations = (
				CDC40E632E4C987A00FC19FD /* Debug */,
				CDC40E642E4C987A00FC19FD /* Release */,
			);
			defaultConfigurationIsVisible = 0;
			defaultConfigurationName = Release;
		};
/* End XCConfigurationList section */
	};
	rootObject = CDC40E302E4C987600FC19FD /* Project object */;
}
